
Microsoft Visual Studio Solution File, Format Version 12.00
# Visual Studio Version 17
VisualStudioVersion = 17.0.31903.59
MinimumVisualStudioVersion = 10.0.40219.1
Project("{2150E333-8FDC-42A3-9474-1A3956D46DE8}") = "src", "src", "{5F648C4F-9B45-4A72-8403-EA85C7764920}"
EndProject
Project("{FAE04EC0-301F-11D3-BF4B-00C04F79EFBC}") = "AuctionService", "src\AuctionService\AuctionService.csproj", "{5727F745-FCDB-4977-B492-5394D93F17FC}"
EndProject
Project("{FAE04EC0-301F-11D3-BF4B-00C04F79EFBC}") = "SearchService", "src\SearchService\SearchService.csproj", "{36DA56D5-4CF6-43A8-88E1-6C75A29AE738}"
EndProject
Global
	GlobalSection(SolutionConfigurationPlatforms) = preSolution
		Debug|Any CPU = Debug|Any CPU
		Release|Any CPU = Release|Any CPU
	EndGlobalSection
	GlobalSection(SolutionProperties) = preSolution
		HideSolutionNode = FALSE
	EndGlobalSection
	GlobalSection(ProjectConfigurationPlatforms) = postSolution
		{5727F745-FCDB-4977-B492-5394D93F17FC}.Debug|Any CPU.ActiveCfg = Debug|Any CPU
		{5727F745-FCDB-4977-B492-5394D93F17FC}.Debug|Any CPU.Build.0 = Debug|Any CPU
		{5727F745-FCDB-4977-B492-5394D93F17FC}.Release|Any CPU.ActiveCfg = Release|Any CPU
		{5727F745-FCDB-4977-B492-5394D93F17FC}.Release|Any CPU.Build.0 = Release|Any CPU
		{36DA56D5-4CF6-43A8-88E1-6C75A29AE738}.Debug|Any CPU.ActiveCfg = Debug|Any CPU
		{36DA56D5-4CF6-43A8-88E1-6C75A29AE738}.Debug|Any CPU.Build.0 = Debug|Any CPU
		{36DA56D5-4CF6-43A8-88E1-6C75A29AE738}.Release|Any CPU.ActiveCfg = Release|Any CPU
		{36DA56D5-4CF6-43A8-88E1-6C75A29AE738}.Release|Any CPU.Build.0 = Release|Any CPU
	EndGlobalSection
	GlobalSection(NestedProjects) = preSolution
		{5727F745-FCDB-4977-B492-5394D93F17FC} = {5F648C4F-9B45-4A72-8403-EA85C7764920}
		{36DA56D5-4CF6-43A8-88E1-6C75A29AE738} = {5F648C4F-9B45-4A72-8403-EA85C7764920}
	EndGlobalSection
EndGlobal
